// !$*UTF8*$!
{
	archiveVersion = 1;
	classes = {
	};
	objectVersion = 56;
	objects = {

/* Begin PBXBuildFile section */
		4D3CCB2B2C81B3EA00F00501 /* DataType.swift in Sources */ = {isa = PBXBuildFile; fileRef = 4D3CCB2A2C81B3EA00F00501 /* DataType.swift */; };
		4DBA844F2C4E048E00E2429C /* AppDelegate.swift in Sources */ = {isa = PBXBuildFile; fileRef = 4DBA844E2C4E048E00E2429C /* AppDelegate.swift */; };
		4DBA84512C4E048E00E2429C /* SceneDelegate.swift in Sources */ = {isa = PBXBuildFile; fileRef = 4DBA84502C4E048E00E2429C /* SceneDelegate.swift */; };
		4DBA84532C4E048E00E2429C /* BaseViewController.swift in Sources */ = {isa = PBXBuildFile; fileRef = 4DBA84522C4E048E00E2429C /* BaseViewController.swift */; };
		4DBA84562C4E048E00E2429C /* Main.storyboard in Resources */ = {isa = PBXBuildFile; fileRef = 4DBA84542C4E048E00E2429C /* Main.storyboard */; };
		4DBA84582C4E048F00E2429C /* Assets.xcassets in Resources */ = {isa = PBXBuildFile; fileRef = 4DBA84572C4E048F00E2429C /* Assets.xcassets */; };
		4DBA845B2C4E048F00E2429C /* LaunchScreen.storyboard in Resources */ = {isa = PBXBuildFile; fileRef = 4DBA84592C4E048F00E2429C /* LaunchScreen.storyboard */; };
		4DBA84632C4E04D000E2429C /* NetworkMonitor.swift in Sources */ = {isa = PBXBuildFile; fileRef = 4DBA84622C4E04D000E2429C /* NetworkMonitor.swift */; };
		4DBA84662C4E491D00E2429C /* NoNetworkView.swift in Sources */ = {isa = PBXBuildFile; fileRef = 4DBA84652C4E491D00E2429C /* NoNetworkView.swift */; };
		4DBA84692C4E494200E2429C /* SnapKit in Frameworks */ = {isa = PBXBuildFile; productRef = 4DBA84682C4E494200E2429C /* SnapKit */; };
		4DBA846B2C4E49ED00E2429C /* ViewController.swift in Sources */ = {isa = PBXBuildFile; fileRef = 4DBA846A2C4E49ED00E2429C /* ViewController.swift */; };
		4DC687C22C65A110008986DF /* FSCalendar in Frameworks */ = {isa = PBXBuildFile; productRef = 4DC687C12C65A110008986DF /* FSCalendar */; };
		4DC687C52C65B1B2008986DF /* EnterOfficeTimeCell.swift in Sources */ = {isa = PBXBuildFile; fileRef = 4DC687C42C65B1B2008986DF /* EnterOfficeTimeCell.swift */; };
		4DC687C82C65BD3C008986DF /* EnterOffice.swift in Sources */ = {isa = PBXBuildFile; fileRef = 4DC687C72C65BD3C008986DF /* EnterOffice.swift */; };
		4DC687CB2C65BD97008986DF /* UserDefaultsManager.swift in Sources */ = {isa = PBXBuildFile; fileRef = 4DC687CA2C65BD97008986DF /* UserDefaultsManager.swift */; };
/* End PBXBuildFile section */

/* Begin PBXFileReference section */
		4D3CCB2A2C81B3EA00F00501 /* DataType.swift */ = {isa = PBXFileReference; lastKnownFileType = sourcecode.swift; path = DataType.swift; sourceTree = "<group>"; };
		4DBA844B2C4E048E00E2429C /* NWPathMonitor_Example.app */ = {isa = PBXFileReference; explicitFileType = wrapper.application; includeInIndex = 0; path = NWPathMonitor_Example.app; sourceTree = BUILT_PRODUCTS_DIR; };
		4DBA844E2C4E048E00E2429C /* AppDelegate.swift */ = {isa = PBXFileReference; lastKnownFileType = sourcecode.swift; path = AppDelegate.swift; sourceTree = "<group>"; };
		4DBA84502C4E048E00E2429C /* SceneDelegate.swift */ = {isa = PBXFileReference; lastKnownFileType = sourcecode.swift; path = SceneDelegate.swift; sourceTree = "<group>"; };
		4DBA84522C4E048E00E2429C /* BaseViewController.swift */ = {isa = PBXFileReference; lastKnownFileType = sourcecode.swift; path = BaseViewController.swift; sourceTree = "<group>"; };
		4DBA84552C4E048E00E2429C /* Base */ = {isa = PBXFileReference; lastKnownFileType = file.storyboard; name = Base; path = Base.lproj/Main.storyboard; sourceTree = "<group>"; };
		4DBA84572C4E048F00E2429C /* Assets.xcassets */ = {isa = PBXFileReference; lastKnownFileType = folder.assetcatalog; path = Assets.xcassets; sourceTree = "<group>"; };
		4DBA845A2C4E048F00E2429C /* Base */ = {isa = PBXFileReference; lastKnownFileType = file.storyboard; name = Base; path = Base.lproj/LaunchScreen.storyboard; sourceTree = "<group>"; };
		4DBA845C2C4E048F00E2429C /* Info.plist */ = {isa = PBXFileReference; lastKnownFileType = text.plist.xml; path = Info.plist; sourceTree = "<group>"; };
		4DBA84622C4E04D000E2429C /* NetworkMonitor.swift */ = {isa = PBXFileReference; lastKnownFileType = sourcecode.swift; path = NetworkMonitor.swift; sourceTree = "<group>"; };
		4DBA84642C4E457200E2429C /* NWPathMonitor_Example.entitlements */ = {isa = PBXFileReference; lastKnownFileType = text.plist.entitlements; path = NWPathMonitor_Example.entitlements; sourceTree = "<group>"; };
		4DBA84652C4E491D00E2429C /* NoNetworkView.swift */ = {isa = PBXFileReference; lastKnownFileType = sourcecode.swift; path = NoNetworkView.swift; sourceTree = "<group>"; };
		4DBA846A2C4E49ED00E2429C /* ViewController.swift */ = {isa = PBXFileReference; lastKnownFileType = sourcecode.swift; path = ViewController.swift; sourceTree = "<group>"; };
		4DC687C42C65B1B2008986DF /* EnterOfficeTimeCell.swift */ = {isa = PBXFileReference; lastKnownFileType = sourcecode.swift; path = EnterOfficeTimeCell.swift; sourceTree = "<group>"; };
		4DC687C72C65BD3C008986DF /* EnterOffice.swift */ = {isa = PBXFileReference; lastKnownFileType = sourcecode.swift; path = EnterOffice.swift; sourceTree = "<group>"; };
		4DC687CA2C65BD97008986DF /* UserDefaultsManager.swift */ = {isa = PBXFileReference; lastKnownFileType = sourcecode.swift; path = UserDefaultsManager.swift; sourceTree = "<group>"; };
/* End PBXFileReference section */

/* Begin PBXFrameworksBuildPhase section */
		4DBA84482C4E048E00E2429C /* Frameworks */ = {
			isa = PBXFrameworksBuildPhase;
			buildActionMask = 2147483647;
			files = (
				4DBA84692C4E494200E2429C /* SnapKit in Frameworks */,
				4DC687C22C65A110008986DF /* FSCalendar in Frameworks */,
			);
			runOnlyForDeploymentPostprocessing = 0;
		};
/* End PBXFrameworksBuildPhase section */

/* Begin PBXGroup section */
		4D3CCB292C81B3DF00F00501 /* Enum */ = {
			isa = PBXGroup;
			children = (
				4D3CCB2A2C81B3EA00F00501 /* DataType.swift */,
			);
			path = Enum;
			sourceTree = "<group>";
		};
		4DA78A172C69866100E75012 /* NetworkMonitor */ = {
			isa = PBXGroup;
			children = (
				4DBA84622C4E04D000E2429C /* NetworkMonitor.swift */,
			);
			path = NetworkMonitor;
			sourceTree = "<group>";
		};
		4DBA84422C4E048E00E2429C = {
			isa = PBXGroup;
			children = (
				4DBA844D2C4E048E00E2429C /* NWPathMonitor_Example */,
				4DBA844C2C4E048E00E2429C /* Products */,
			);
			sourceTree = "<group>";
		};
		4DBA844C2C4E048E00E2429C /* Products */ = {
			isa = PBXGroup;
			children = (
				4DBA844B2C4E048E00E2429C /* NWPathMonitor_Example.app */,
			);
			name = Products;
			sourceTree = "<group>";
		};
		4DBA844D2C4E048E00E2429C /* NWPathMonitor_Example */ = {
			isa = PBXGroup;
			children = (
				4D3CCB292C81B3DF00F00501 /* Enum */,
				4DBA84642C4E457200E2429C /* NWPathMonitor_Example.entitlements */,
				4DBA844E2C4E048E00E2429C /* AppDelegate.swift */,
				4DBA84502C4E048E00E2429C /* SceneDelegate.swift */,
				4DBA84522C4E048E00E2429C /* BaseViewController.swift */,
				4DBA846A2C4E49ED00E2429C /* ViewController.swift */,
				4DC687C92C65BD88008986DF /* Userdefaults */,
				4DC687C62C65BD2D008986DF /* Model */,
				4DC687C32C65B1A5008986DF /* Cell */,
				4DBA84652C4E491D00E2429C /* NoNetworkView.swift */,
				4DA78A172C69866100E75012 /* NetworkMonitor */,
				4DBA84542C4E048E00E2429C /* Main.storyboard */,
				4DBA84572C4E048F00E2429C /* Assets.xcassets */,
				4DBA84592C4E048F00E2429C /* LaunchScreen.storyboard */,
				4DBA845C2C4E048F00E2429C /* Info.plist */,
			);
			path = NWPathMonitor_Example;
			sourceTree = "<group>";
		};
		4DC687C32C65B1A5008986DF /* Cell */ = {
			isa = PBXGroup;
			children = (
				4DC687C42C65B1B2008986DF /* EnterOfficeTimeCell.swift */,
			);
			path = Cell;
			sourceTree = "<group>";
		};
		4DC687C62C65BD2D008986DF /* Model */ = {
			isa = PBXGroup;
			children = (
				4DC687C72C65BD3C008986DF /* EnterOffice.swift */,
			);
			path = Model;
			sourceTree = "<group>";
		};
		4DC687C92C65BD88008986DF /* Userdefaults */ = {
			isa = PBXGroup;
			children = (
				4DC687CA2C65BD97008986DF /* UserDefaultsManager.swift */,
			);
			path = Userdefaults;
			sourceTree = "<group>";
		};
/* End PBXGroup section */

/* Begin PBXNativeTarget section */
		4DBA844A2C4E048E00E2429C /* NWPathMonitor_Example */ = {
			isa = PBXNativeTarget;
			buildConfigurationList = 4DBA845F2C4E048F00E2429C /* Build configuration list for PBXNativeTarget "NWPathMonitor_Example" */;
			buildPhases = (
				4DBA84472C4E048E00E2429C /* Sources */,
				4DBA84482C4E048E00E2429C /* Frameworks */,
				4DBA84492C4E048E00E2429C /* Resources */,
			);
			buildRules = (
			);
			dependencies = (
			);
			name = NWPathMonitor_Example;
			packageProductDependencies = (
				4DBA84682C4E494200E2429C /* SnapKit */,
				4DC687C12C65A110008986DF /* FSCalendar */,
			);
			productName = NWPathMonitor_Example;
			productReference = 4DBA844B2C4E048E00E2429C /* NWPathMonitor_Example.app */;
			productType = "com.apple.product-type.application";
		};
/* End PBXNativeTarget section */

/* Begin PBXProject section */
		4DBA84432C4E048E00E2429C /* Project object */ = {
			isa = PBXProject;
			attributes = {
				BuildIndependentTargetsInParallel = 1;
				LastSwiftUpdateCheck = 1510;
				LastUpgradeCheck = 1510;
				TargetAttributes = {
					4DBA844A2C4E048E00E2429C = {
						CreatedOnToolsVersion = 15.1;
					};
				};
			};
			buildConfigurationList = 4DBA84462C4E048E00E2429C /* Build configuration list for PBXProject "NWPathMonitor_Example" */;
			compatibilityVersion = "Xcode 14.0";
			developmentRegion = en;
			hasScannedForEncodings = 0;
			knownRegions = (
				en,
				Base,
			);
			mainGroup = 4DBA84422C4E048E00E2429C;
			packageReferences = (
				4DBA84672C4E494100E2429C /* XCRemoteSwiftPackageReference "SnapKit" */,
				4DC687C02C65A110008986DF /* XCRemoteSwiftPackageReference "FSCalendar" */,
			);
			productRefGroup = 4DBA844C2C4E048E00E2429C /* Products */;
			projectDirPath = "";
			projectRoot = "";
			targets = (
				4DBA844A2C4E048E00E2429C /* NWPathMonitor_Example */,
			);
		};
/* End PBXProject section */

/* Begin PBXResourcesBuildPhase section */
		4DBA84492C4E048E00E2429C /* Resources */ = {
			isa = PBXResourcesBuildPhase;
			buildActionMask = 2147483647;
			files = (
				4DBA845B2C4E048F00E2429C /* LaunchScreen.storyboard in Resources */,
				4DBA84582C4E048F00E2429C /* Assets.xcassets in Resources */,
				4DBA84562C4E048E00E2429C /* Main.storyboard in Resources */,
			);
			runOnlyForDeploymentPostprocessing = 0;
		};
/* End PBXResourcesBuildPhase section */

/* Begin PBXSourcesBuildPhase section */
		4DBA84472C4E048E00E2429C /* Sources */ = {
			isa = PBXSourcesBuildPhase;
			buildActionMask = 2147483647;
			files = (
				4DBA846B2C4E49ED00E2429C /* ViewController.swift in Sources */,
				4DBA84532C4E048E00E2429C /* BaseViewController.swift in Sources */,
				4DBA84632C4E04D000E2429C /* NetworkMonitor.swift in Sources */,
				4DC687C52C65B1B2008986DF /* EnterOfficeTimeCell.swift in Sources */,
				4DBA84662C4E491D00E2429C /* NoNetworkView.swift in Sources */,
				4DC687CB2C65BD97008986DF /* UserDefaultsManager.swift in Sources */,
				4DBA844F2C4E048E00E2429C /* AppDelegate.swift in Sources */,
				4DC687C82C65BD3C008986DF /* EnterOffice.swift in Sources */,
				4DBA84512C4E048E00E2429C /* SceneDelegate.swift in Sources */,
				4D3CCB2B2C81B3EA00F00501 /* DataType.swift in Sources */,
			);
			runOnlyForDeploymentPostprocessing = 0;
		};
/* End PBXSourcesBuildPhase section */

/* Begin PBXVariantGroup section */
		4DBA84542C4E048E00E2429C /* Main.storyboard */ = {
			isa = PBXVariantGroup;
			children = (
				4DBA84552C4E048E00E2429C /* Base */,
			);
			name = Main.storyboard;
			sourceTree = "<group>";
		};
		4DBA84592C4E048F00E2429C /* LaunchScreen.storyboard */ = {
			isa = PBXVariantGroup;
			children = (
				4DBA845A2C4E048F00E2429C /* Base */,
			);
			name = LaunchScreen.storyboard;
			sourceTree = "<group>";
		};
/* End PBXVariantGroup section */

/* Begin XCBuildConfiguration section */
		4DBA845D2C4E048F00E2429C /* Debug */ = {
			isa = XCBuildConfiguration;
			buildSettings = {
				ALWAYS_SEARCH_USER_PATHS = NO;
				ASSETCATALOG_COMPILER_GENERATE_SWIFT_ASSET_SYMBOL_EXTENSIONS = YES;
				CLANG_ANALYZER_NONNULL = YES;
				CLANG_ANALYZER_NUMBER_OBJECT_CONVERSION = YES_AGGRESSIVE;
				CLANG_CXX_LANGUAGE_STANDARD = "gnu++20";
				CLANG_ENABLE_MODULES = YES;
				CLANG_ENABLE_OBJC_ARC = YES;
				CLANG_ENABLE_OBJC_WEAK = YES;
				CLANG_WARN_BLOCK_CAPTURE_AUTORELEASING = YES;
				CLANG_WARN_BOOL_CONVERSION = YES;
				CLANG_WARN_COMMA = YES;
				CLANG_WARN_CONSTANT_CONVERSION = YES;
				CLANG_WARN_DEPRECATED_OBJC_IMPLEMENTATIONS = YES;
				CLANG_WARN_DIRECT_OBJC_ISA_USAGE = YES_ERROR;
				CLANG_WARN_DOCUMENTATION_COMMENTS = YES;
				CLANG_WARN_EMPTY_BODY = YES;
				CLANG_WARN_ENUM_CONVERSION = YES;
				CLANG_WARN_INFINITE_RECURSION = YES;
				CLANG_WARN_INT_CONVERSION = YES;
				CLANG_WARN_NON_LITERAL_NULL_CONVERSION = YES;
				CLANG_WARN_OBJC_IMPLICIT_RETAIN_SELF = YES;
				CLANG_WARN_OBJC_LITERAL_CONVERSION = YES;
				CLANG_WARN_OBJC_ROOT_CLASS = YES_ERROR;
				CLANG_WARN_QUOTED_INCLUDE_IN_FRAMEWORK_HEADER = YES;
				CLANG_WARN_RANGE_LOOP_ANALYSIS = YES;
				CLANG_WARN_STRICT_PROTOTYPES = YES;
				CLANG_WARN_SUSPICIOUS_MOVE = YES;
				CLANG_WARN_UNGUARDED_AVAILABILITY = YES_AGGRESSIVE;
				CLANG_WARN_UNREACHABLE_CODE = YES;
				CLANG_WARN__DUPLICATE_METHOD_MATCH = YES;
				COPY_PHASE_STRIP = NO;
				DEBUG_INFORMATION_FORMAT = dwarf;
				ENABLE_STRICT_OBJC_MSGSEND = YES;
				ENABLE_TESTABILITY = YES;
				ENABLE_USER_SCRIPT_SANDBOXING = YES;
				GCC_C_LANGUAGE_STANDARD = gnu17;
				GCC_DYNAMIC_NO_PIC = NO;
				GCC_NO_COMMON_BLOCKS = YES;
				GCC_OPTIMIZATION_LEVEL = 0;
				GCC_PREPROCESSOR_DEFINITIONS = (
					"DEBUG=1",
					"$(inherited)",
				);
				GCC_WARN_64_TO_32_BIT_CONVERSION = YES;
				GCC_WARN_ABOUT_RETURN_TYPE = YES_ERROR;
				GCC_WARN_UNDECLARED_SELECTOR = YES;
				GCC_WARN_UNINITIALIZED_AUTOS = YES_AGGRESSIVE;
				GCC_WARN_UNUSED_FUNCTION = YES;
				GCC_WARN_UNUSED_VARIABLE = YES;
				IPHONEOS_DEPLOYMENT_TARGET = 15.0;
				LOCALIZATION_PREFERS_STRING_CATALOGS = YES;
				MTL_ENABLE_DEBUG_INFO = INCLUDE_SOURCE;
				MTL_FAST_MATH = YES;
				ONLY_ACTIVE_ARCH = YES;
				SDKROOT = iphoneos;
				SWIFT_ACTIVE_COMPILATION_CONDITIONS = "DEBUG $(inherited)";
				SWIFT_OPTIMIZATION_LEVEL = "-Onone";
			};
			name = Debug;
		};
		4DBA845E2C4E048F00E2429C /* Release */ = {
			isa = XCBuildConfiguration;
			buildSettings = {
				ALWAYS_SEARCH_USER_PATHS = NO;
				ASSETCATALOG_COMPILER_GENERATE_SWIFT_ASSET_SYMBOL_EXTENSIONS = YES;
				CLANG_ANALYZER_NONNULL = YES;
				CLANG_ANALYZER_NUMBER_OBJECT_CONVERSION = YES_AGGRESSIVE;
				CLANG_CXX_LANGUAGE_STANDARD = "gnu++20";
				CLANG_ENABLE_MODULES = YES;
				CLANG_ENABLE_OBJC_ARC = YES;
				CLANG_ENABLE_OBJC_WEAK = YES;
				CLANG_WARN_BLOCK_CAPTURE_AUTORELEASING = YES;
				CLANG_WARN_BOOL_CONVERSION = YES;
				CLANG_WARN_COMMA = YES;
				CLANG_WARN_CONSTANT_CONVERSION = YES;
				CLANG_WARN_DEPRECATED_OBJC_IMPLEMENTATIONS = YES;
				CLANG_WARN_DIRECT_OBJC_ISA_USAGE = YES_ERROR;
				CLANG_WARN_DOCUMENTATION_COMMENTS = YES;
				CLANG_WARN_EMPTY_BODY = YES;
				CLANG_WARN_ENUM_CONVERSION = YES;
				CLANG_WARN_INFINITE_RECURSION = YES;
				CLANG_WARN_INT_CONVERSION = YES;
				CLANG_WARN_NON_LITERAL_NULL_CONVERSION = YES;
				CLANG_WARN_OBJC_IMPLICIT_RETAIN_SELF = YES;
				CLANG_WARN_OBJC_LITERAL_CONVERSION = YES;
				CLANG_WARN_OBJC_ROOT_CLASS = YES_ERROR;
				CLANG_WARN_QUOTED_INCLUDE_IN_FRAMEWORK_HEADER = YES;
				CLANG_WARN_RANGE_LOOP_ANALYSIS = YES;
				CLANG_WARN_STRICT_PROTOTYPES = YES;
				CLANG_WARN_SUSPICIOUS_MOVE = YES;
				CLANG_WARN_UNGUARDED_AVAILABILITY = YES_AGGRESSIVE;
				CLANG_WARN_UNREACHABLE_CODE = YES;
				CLANG_WARN__DUPLICATE_METHOD_MATCH = YES;
				COPY_PHASE_STRIP = NO;
				DEBUG_INFORMATION_FORMAT = "dwarf-with-dsym";
				ENABLE_NS_ASSERTIONS = NO;
				ENABLE_STRICT_OBJC_MSGSEND = YES;
				ENABLE_USER_SCRIPT_SANDBOXING = YES;
				GCC_C_LANGUAGE_STANDARD = gnu17;
				GCC_NO_COMMON_BLOCKS = YES;
				GCC_WARN_64_TO_32_BIT_CONVERSION = YES;
				GCC_WARN_ABOUT_RETURN_TYPE = YES_ERROR;
				GCC_WARN_UNDECLARED_SELECTOR = YES;
				GCC_WARN_UNINITIALIZED_AUTOS = YES_AGGRESSIVE;
				GCC_WARN_UNUSED_FUNCTION = YES;
				GCC_WARN_UNUSED_VARIABLE = YES;
				IPHONEOS_DEPLOYMENT_TARGET = 15.0;
				LOCALIZATION_PREFERS_STRING_CATALOGS = YES;
				MTL_ENABLE_DEBUG_INFO = NO;
				MTL_FAST_MATH = YES;
				SDKROOT = iphoneos;
				SWIFT_COMPILATION_MODE = wholemodule;
				VALIDATE_PRODUCT = YES;
			};
			name = Release;
		};
		4DBA84602C4E048F00E2429C /* Debug */ = {
			isa = XCBuildConfiguration;
			buildSettings = {
				ASSETCATALOG_COMPILER_APPICON_NAME = AppIcon;
				ASSETCATALOG_COMPILER_GLOBAL_ACCENT_COLOR_NAME = AccentColor;
				CODE_SIGN_ENTITLEMENTS = NWPathMonitor_Example/NWPathMonitor_Example.entitlements;
				CODE_SIGN_STYLE = Automatic;
				CURRENT_PROJECT_VERSION = 1;
				DEVELOPMENT_TEAM = T59N98762C;
				GENERATE_INFOPLIST_FILE = YES;
				INFOPLIST_FILE = NWPathMonitor_Example/Info.plist;
				INFOPLIST_KEY_CFBundleDisplayName = "돔황챠";
				INFOPLIST_KEY_UIApplicationSupportsIndirectInputEvents = YES;
				INFOPLIST_KEY_UILaunchStoryboardName = LaunchScreen;
				INFOPLIST_KEY_UIMainStoryboardFile = Main;
				INFOPLIST_KEY_UISupportedInterfaceOrientations_iPad = "UIInterfaceOrientationPortrait UIInterfaceOrientationPortraitUpsideDown UIInterfaceOrientationLandscapeLeft UIInterfaceOrientationLandscapeRight";
				INFOPLIST_KEY_UISupportedInterfaceOrientations_iPhone = "UIInterfaceOrientationPortrait UIInterfaceOrientationLandscapeLeft UIInterfaceOrientationLandscapeRight";
				IPHONEOS_DEPLOYMENT_TARGET = 15.0;
				LD_RUNPATH_SEARCH_PATHS = (
					"$(inherited)",
					"@executable_path/Frameworks",
				);
				MARKETING_VERSION = 1.0;
				PRODUCT_BUNDLE_IDENTIFIER = "com.limefriends.NWPathMonitor-Example-First";
				PRODUCT_NAME = "$(TARGET_NAME)";
				SWIFT_EMIT_LOC_STRINGS = YES;
				SWIFT_VERSION = 5.0;
				TARGETED_DEVICE_FAMILY = "1,2";
			};
			name = Debug;
		};
		4DBA84612C4E048F00E2429C /* Release */ = {
			isa = XCBuildConfiguration;
			buildSettings = {
				ASSETCATALOG_COMPILER_APPICON_NAME = AppIcon;
				ASSETCATALOG_COMPILER_GLOBAL_ACCENT_COLOR_NAME = AccentColor;
				CODE_SIGN_ENTITLEMENTS = NWPathMonitor_Example/NWPathMonitor_Example.entitlements;
				CODE_SIGN_STYLE = Automatic;
				CURRENT_PROJECT_VERSION = 1;
				DEVELOPMENT_TEAM = T59N98762C;
				GENERATE_INFOPLIST_FILE = YES;
				INFOPLIST_FILE = NWPathMonitor_Example/Info.plist;
				INFOPLIST_KEY_CFBundleDisplayName = "돔황챠";
				INFOPLIST_KEY_UIApplicationSupportsIndirectInputEvents = YES;
				INFOPLIST_KEY_UILaunchStoryboardName = LaunchScreen;
				INFOPLIST_KEY_UIMainStoryboardFile = Main;
				INFOPLIST_KEY_UISupportedInterfaceOrientations_iPad = "UIInterfaceOrientationPortrait UIInterfaceOrientationPortraitUpsideDown UIInterfaceOrientationLandscapeLeft UIInterfaceOrientationLandscapeRight";
				INFOPLIST_KEY_UISupportedInterfaceOrientations_iPhone = "UIInterfaceOrientationPortrait UIInterfaceOrientationLandscapeLeft UIInterfaceOrientationLandscapeRight";
				IPHONEOS_DEPLOYMENT_TARGET = 15.0;
				LD_RUNPATH_SEARCH_PATHS = (
					"$(inherited)",
					"@executable_path/Frameworks",
				);
				MARKETING_VERSION = 1.0;
				PRODUCT_BUNDLE_IDENTIFIER = "com.limefriends.NWPathMonitor-Example-First";
				PRODUCT_NAME = "$(TARGET_NAME)";
				SWIFT_EMIT_LOC_STRINGS = YES;
				SWIFT_VERSION = 5.0;
				TARGETED_DEVICE_FAMILY = "1,2";
			};
			name = Release;
		};
/* End XCBuildConfiguration section */

/* Begin XCConfigurationList section */
		4DBA84462C4E048E00E2429C /* Build configuration list for PBXProject "NWPathMonitor_Example" */ = {
			isa = XCConfigurationList;
			buildConfigurations = (
				4DBA845D2C4E048F00E2429C /* Debug */,
				4DBA845E2C4E048F00E2429C /* Release */,
			);
			defaultConfigurationIsVisible = 0;
			defaultConfigurationName = Release;
		};
		4DBA845F2C4E048F00E2429C /* Build configuration list for PBXNativeTarget "NWPathMonitor_Example" */ = {
			isa = XCConfigurationList;
			buildConfigurations = (
				4DBA84602C4E048F00E2429C /* Debug */,
				4DBA84612C4E048F00E2429C /* Release */,
			);
			defaultConfigurationIsVisible = 0;
			defaultConfigurationName = Release;
		};
/* End XCConfigurationList section */

/* Begin XCRemoteSwiftPackageReference section */
		4DBA84672C4E494100E2429C /* XCRemoteSwiftPackageReference "SnapKit" */ = {
			isa = XCRemoteSwiftPackageReference;
			repositoryURL = "https://github.com/SnapKit/SnapKit";
			requirement = {
				kind = upToNextMajorVersion;
				minimumVersion = 5.7.1;
			};
		};
		4DC687C02C65A110008986DF /* XCRemoteSwiftPackageReference "FSCalendar" */ = {
			isa = XCRemoteSwiftPackageReference;
			repositoryURL = "https://github.com/WenchaoD/FSCalendar.git";
			requirement = {
				kind = upToNextMajorVersion;
				minimumVersion = 2.8.4;
			};
		};
/* End XCRemoteSwiftPackageReference section */

/* Begin XCSwiftPackageProductDependency section */
		4DBA84682C4E494200E2429C /* SnapKit */ = {
			isa = XCSwiftPackageProductDependency;
			package = 4DBA84672C4E494100E2429C /* XCRemoteSwiftPackageReference "SnapKit" */;
			productName = SnapKit;
		};
		4DC687C12C65A110008986DF /* FSCalendar */ = {
			isa = XCSwiftPackageProductDependency;
			package = 4DC687C02C65A110008986DF /* XCRemoteSwiftPackageReference "FSCalendar" */;
			productName = FSCalendar;
		};
/* End XCSwiftPackageProductDependency section */
	};
	rootObject = 4DBA84432C4E048E00E2429C /* Project object */;
}
